<?xml version="1.0" encoding="utf-8"?>
<Project ToolsVersion="17.0" xmlns="http://schemas.microsoft.com/developer/msbuild/2003">
  <ItemGroup>
    <ClCompile Include="D:\libxml2\xmllint.c">
      <Filter>Source Files</Filter>
    </ClCompile>
    <ClCompile Include="D:\libxml2\shell.c">
      <Filter>Source Files</Filter>
    </ClCompile>
    <ClCompile Include="D:\libxml2\lintmain.c">
      <Filter>Source Files</Filter>
    </ClCompile>
  </ItemGroup>
  <ItemGroup>
    <Filter Include="Source Files">
      <UniqueIdentifier>{F0993A43-32DE-3EAB-A6CF-D270CDB989C7}</UniqueIdentifier>
    </Filter>
  </ItemGroup>
</Project>
